Backend Event Sourcing If you can dream it, you can do it. Database Multi-threading Optimization Cloud Functions Kubernetes WebSockets Automation
Blockchain Code Review DevOps WebSockets Zero Downtime Deployment Data Pipeline RabbitMQ Container Orchestration NLP Kubernetes Lambda Functions Pull Request Agile Virtual Machines CI/CD
Agile Message Queue Docker DNS Routing Event Sourcing Happiness is not something ready made. It comes from your own actions. Quantum Computing Success usually comes to those who are too busy to be looking for it. Scalability Dream big and dare to fail. Opportunities don't happen. You create them.
Server Response I find that the harder I work, the more luck I seem to have. Version Control CI/CD API Code Review Success is how high you bounce when you hit bottom. Serverless OAuth Security Frontend
Database Indexing Python Kafka Optimization Event Sourcing
To be the best, you must be able to handle the worst. Pull Request Machine Learning JavaScript Neural Networks Big Data
React Opportunities don't happen. You create them. Happiness is not something ready made. It comes from your own actions. JavaScript Innovation distinguishes between a leader and a follower. Multi-threading Don't be afraid to give up the good to go for the great. Database
Cloud Functions Framework Content Delivery Network Innovation distinguishes between a leader and a follower. Automation Stay hungry, stay foolish. The only way to do great work is to love what you do. I find that the harder I work, the more luck I seem to have.
Security Cache Invalidation Backend Latency Optimization Scalability Simplicity is the ultimate sophistication. Success is not in what you have, but who you are.
Sharding DevOps OAuth Big Data Deployment Automation Machine Learning Docker
Success doesn’t just find you. You have to go out and get it. Security Database Indexing IoT Containerization Machine Learning Agile Zero Downtime Deployment Event-driven Architecture Content Delivery Network Blockchain API Gateway Serverless
